
Microsoft Visual Studio Solution File, Format Version 12.00
# Visual Studio Version 17
VisualStudioVersion = 17.1.32210.238
MinimumVisualStudioVersion = 10.0.40219.1
Project("{FAE04EC0-301F-11D3-BF4B-00C04F79EFBC}") = "SQLPLUS.Builder", "SQLPLUS.Builder\SQLPLUS.Builder.csproj", "{10DD7037-6171-4C9A-8791-D8560B180FE7}"
EndProject
Project("{FAE04EC0-301F-11D3-BF4B-00C04F79EFBC}") = "SQLPLUS.Builder.ConsoleBuilder", "SQLPLUS.Builder.ConsoleBuilder\SQLPLUS.Builder.ConsoleBuilder.csproj", "{194184EB-FA5B-4574-8B46-B19867A25C10}"
EndProject
Global
	GlobalSection(SolutionConfigurationPlatforms) = preSolution
		Debug|Any CPU = Debug|Any CPU
		Debug|x86 = Debug|x86
		Release|Any CPU = Release|Any CPU
		Release|x86 = Release|x86
	EndGlobalSection
	GlobalSection(ProjectConfigurationPlatforms) = postSolution
		{10DD7037-6171-4C9A-8791-D8560B180FE7}.Debug|Any CPU.ActiveCfg = Debug|Any CPU
		{10DD7037-6171-4C9A-8791-D8560B180FE7}.Debug|Any CPU.Build.0 = Debug|Any CPU
		{10DD7037-6171-4C9A-8791-D8560B180FE7}.Debug|x86.ActiveCfg = Debug|Any CPU
		{10DD7037-6171-4C9A-8791-D8560B180FE7}.Debug|x86.Build.0 = Debug|Any CPU
		{10DD7037-6171-4C9A-8791-D8560B180FE7}.Release|Any CPU.ActiveCfg = Release|Any CPU
		{10DD7037-6171-4C9A-8791-D8560B180FE7}.Release|Any CPU.Build.0 = Release|Any CPU
		{10DD7037-6171-4C9A-8791-D8560B180FE7}.Release|x86.ActiveCfg = Release|Any CPU
		{10DD7037-6171-4C9A-8791-D8560B180FE7}.Release|x86.Build.0 = Release|Any CPU
		{194184EB-FA5B-4574-8B46-B19867A25C10}.Debug|Any CPU.ActiveCfg = Debug|Any CPU
		{194184EB-FA5B-4574-8B46-B19867A25C10}.Debug|Any CPU.Build.0 = Debug|Any CPU
		{194184EB-FA5B-4574-8B46-B19867A25C10}.Debug|x86.ActiveCfg = Debug|Any CPU
		{194184EB-FA5B-4574-8B46-B19867A25C10}.Debug|x86.Build.0 = Debug|Any CPU
		{194184EB-FA5B-4574-8B46-B19867A25C10}.Release|Any CPU.ActiveCfg = Release|Any CPU
		{194184EB-FA5B-4574-8B46-B19867A25C10}.Release|Any CPU.Build.0 = Release|Any CPU
		{194184EB-FA5B-4574-8B46-B19867A25C10}.Release|x86.ActiveCfg = Release|Any CPU
		{194184EB-FA5B-4574-8B46-B19867A25C10}.Release|x86.Build.0 = Release|Any CPU
	EndGlobalSection
	GlobalSection(SolutionProperties) = preSolution
		HideSolutionNode = FALSE
	EndGlobalSection
	GlobalSection(ExtensibilityGlobals) = postSolution
		SolutionGuid = {E0FF1F81-A7F1-43A2-8C2C-CDABEB839745}
	EndGlobalSection
EndGlobal
